// !$*UTF8*$!
{
	archiveVersion = 1;
	classes = {
	};
	objectVersion = 46;
	objects = {

/* Begin PBXBuildFile section */
		37E7282F1AFEBAD4006F5855 /* AppDelegate.swift in Sources */ = {isa = PBXBuildFile; fileRef = 37E7282E1AFEBAD4006F5855 /* AppDelegate.swift */; };
		37E728311AFEBAD4006F5855 /* ViewController.swift in Sources */ = {isa = PBXBuildFile; fileRef = 37E728301AFEBAD4006F5855 /* ViewController.swift */; };
		37E728341AFEBAD4006F5855 /* Main.storyboard in Resources */ = {isa = PBXBuildFile; fileRef = 37E728321AFEBAD4006F5855 /* Main.storyboard */; };
		37E728361AFEBAD4006F5855 /* Images.xcassets in Resources */ = {isa = PBXBuildFile; fileRef = 37E728351AFEBAD4006F5855 /* Images.xcassets */; };
		37E728391AFEBAD4006F5855 /* LaunchScreen.xib in Resources */ = {isa = PBXBuildFile; fileRef = 37E728371AFEBAD4006F5855 /* LaunchScreen.xib */; };
		37E728451AFEBAD4006F5855 /* testImagePickerTests.swift in Sources */ = {isa = PBXBuildFile; fileRef = 37E728441AFEBAD4006F5855 /* testImagePickerTests.swift */; };
/* End PBXBuildFile section */

/* Begin PBXContainerItemProxy section */
		37E7283F1AFEBAD4006F5855 /* PBXContainerItemProxy */ = {
			isa = PBXContainerItemProxy;
			containerPortal = 37E728211AFEBAD4006F5855 /* Project object */;
			proxyType = 1;
			remoteGlobalIDString = 37E728281AFEBAD4006F5855;
			remoteInfo = testImagePicker;
		};
/* End PBXContainerItemProxy section */

/* Begin PBXFileReference section */
		37E728291AFEBAD4006F5855 /* testImagePicker.app */ = {isa = PBXFileReference; explicitFileType = wrapper.application; includeInIndex = 0; path = testImagePicker.app; sourceTree = BUILT_PRODUCTS_DIR; };
		37E7282D1AFEBAD4006F5855 /* Info.plist */ = {isa = PBXFileReference; lastKnownFileType = text.plist.xml; path = Info.plist; sourceTree = "<group>"; };
		37E7282E1AFEBAD4006F5855 /* AppDelegate.swift */ = {isa = PBXFileReference; lastKnownFileType = sourcecode.swift; path = AppDelegate.swift; sourceTree = "<group>"; };
		37E728301AFEBAD4006F5855 /* ViewController.swift */ = {isa = PBXFileReference; lastKnownFileType = sourcecode.swift; path = ViewController.swift; sourceTree = "<group>"; };
		37E728331AFEBAD4006F5855 /* Base */ = {isa = PBXFileReference; lastKnownFileType = file.storyboard; name = Base; path = Base.lproj/Main.storyboard; sourceTree = "<group>"; };
		37E728351AFEBAD4006F5855 /* Images.xcassets */ = {isa = PBXFileReference; lastKnownFileType = folder.assetcatalog; path = Images.xcassets; sourceTree = "<group>"; };
		37E728381AFEBAD4006F5855 /* Base */ = {isa = PBXFileReference; lastKnownFileType = file.xib; name = Base; path = Base.lproj/LaunchScreen.xib; sourceTree = "<group>"; };
		37E7283E1AFEBAD4006F5855 /* testImagePickerTests.xctest */ = {isa = PBXFileReference; explicitFileType = wrapper.cfbundle; includeInIndex = 0; path = testImagePickerTests.xctest; sourceTree = BUILT_PRODUCTS_DIR; };
		37E728431AFEBAD4006F5855 /* Info.plist */ = {isa = PBXFileReference; lastKnownFileType = text.plist.xml; path = Info.plist; sourceTree = "<group>"; };
		37E728441AFEBAD4006F5855 /* testImagePickerTests.swift */ = {isa = PBXFileReference; lastKnownFileType = sourcecode.swift; path = testImagePickerTests.swift; sourceTree = "<group>"; };
/* End PBXFileReference section */

/* Begin PBXFrameworksBuildPhase section */
		37E728261AFEBAD4006F5855 /* Frameworks */ = {
			isa = PBXFrameworksBuildPhase;
			buildActionMask = 2147483647;
			files = (
			);
			runOnlyForDeploymentPostprocessing = 0;
		};
		37E7283B1AFEBAD4006F5855 /* Frameworks */ = {
			isa = PBXFrameworksBuildPhase;
			buildActionMask = 2147483647;
			files = (
			);
			runOnlyForDeploymentPostprocessing = 0;
		};
/* End PBXFrameworksBuildPhase section */

/* Begin PBXGroup section */
		37E728201AFEBAD4006F5855 = {
			isa = PBXGroup;
			children = (
				37E7282B1AFEBAD4006F5855 /* testImagePicker */,
				37E728411AFEBAD4006F5855 /* testImagePickerTests */,
				37E7282A1AFEBAD4006F5855 /* Products */,
			);
			sourceTree = "<group>";
		};
		37E7282A1AFEBAD4006F5855 /* Products */ = {
			isa = PBXGroup;
			children = (
				37E728291AFEBAD4006F5855 /* testImagePicker.app */,
				37E7283E1AFEBAD4006F5855 /* testImagePickerTests.xctest */,
			);
			name = Products;
			sourceTree = "<group>";
		};
		37E7282B1AFEBAD4006F5855 /* testImagePicker */ = {
			isa = PBXGroup;
			children = (
				37E7282E1AFEBAD4006F5855 /* AppDelegate.swift */,
				37E728301AFEBAD4006F5855 /* ViewController.swift */,
				37E728321AFEBAD4006F5855 /* Main.storyboard */,
				37E728351AFEBAD4006F5855 /* Images.xcassets */,
				37E728371AFEBAD4006F5855 /* LaunchScreen.xib */,
				37E7282C1AFEBAD4006F5855 /* Supporting Files */,
			);
			path = testImagePicker;
			sourceTree = "<group>";
		};
		37E7282C1AFEBAD4006F5855 /* Supporting Files */ = {
			isa = PBXGroup;
			children = (
				37E7282D1AFEBAD4006F5855 /* Info.plist */,
			);
			name = "Supporting Files";
			sourceTree = "<group>";
		};
		37E728411AFEBAD4006F5855 /* testImagePickerTests */ = {
			isa = PBXGroup;
			children = (
				37E728441AFEBAD4006F5855 /* testImagePickerTests.swift */,
				37E728421AFEBAD4006F5855 /* Supporting Files */,
			);
			path = testImagePickerTests;
			sourceTree = "<group>";
		};
		37E728421AFEBAD4006F5855 /* Supporting Files */ = {
			isa = PBXGroup;
			children = (
				37E728431AFEBAD4006F5855 /* Info.plist */,
			);
			name = "Supporting Files";
			sourceTree = "<group>";
		};
/* End PBXGroup section */

/* Begin PBXNativeTarget section */
		37E728281AFEBAD4006F5855 /* testImagePicker */ = {
			isa = PBXNativeTarget;
			buildConfigurationList = 37E728481AFEBAD4006F5855 /* Build configuration list for PBXNativeTarget "testImagePicker" */;
			buildPhases = (
				37E728251AFEBAD4006F5855 /* Sources */,
				37E728261AFEBAD4006F5855 /* Frameworks */,
				37E728271AFEBAD4006F5855 /* Resources */,
			);
			buildRules = (
			);
			dependencies = (
			);
			name = testImagePicker;
			productName = testImagePicker;
			productReference = 37E728291AFEBAD4006F5855 /* testImagePicker.app */;
			productType = "com.apple.product-type.application";
		};
		37E7283D1AFEBAD4006F5855 /* testImagePickerTests */ = {
			isa = PBXNativeTarget;
			buildConfigurationList = 37E7284B1AFEBAD4006F5855 /* Build configuration list for PBXNativeTarget "testImagePickerTests" */;
			buildPhases = (
				37E7283A1AFEBAD4006F5855 /* Sources */,
				37E7283B1AFEBAD4006F5855 /* Frameworks */,
				37E7283C1AFEBAD4006F5855 /* Resources */,
			);
			buildRules = (
			);
			dependencies = (
				37E728401AFEBAD4006F5855 /* PBXTargetDependency */,
			);
			name = testImagePickerTests;
			productName = testImagePickerTests;
			productReference = 37E7283E1AFEBAD4006F5855 /* testImagePickerTests.xctest */;
			productType = "com.apple.product-type.bundle.unit-test";
		};
/* End PBXNativeTarget section */

/* Begin PBXProject section */
		37E728211AFEBAD4006F5855 /* Project object */ = {
			isa = PBXProject;
			attributes = {
				LastUpgradeCheck = 0630;
				ORGANIZATIONNAME = "Christopher Johnson";
				TargetAttributes = {
					37E728281AFEBAD4006F5855 = {
						CreatedOnToolsVersion = 6.3.1;
					};
					37E7283D1AFEBAD4006F5855 = {
						CreatedOnToolsVersion = 6.3.1;
						TestTargetID = 37E728281AFEBAD4006F5855;
					};
				};
			};
			buildConfigurationList = 37E728241AFEBAD4006F5855 /* Build configuration list for PBXProject "testImagePicker" */;
			compatibilityVersion = "Xcode 3.2";
			developmentRegion = English;
			hasScannedForEncodings = 0;
			knownRegions = (
				en,
				Base,
			);
			mainGroup = 37E728201AFEBAD4006F5855;
			productRefGroup = 37E7282A1AFEBAD4006F5855 /* Products */;
			projectDirPath = "";
			projectRoot = "";
			targets = (
				37E728281AFEBAD4006F5855 /* testImagePicker */,
				37E7283D1AFEBAD4006F5855 /* testImagePickerTests */,
			);
		};
/* End PBXProject section */

/* Begin PBXResourcesBuildPhase section */
		37E728271AFEBAD4006F5855 /* Resources */ = {
			isa = PBXResourcesBuildPhase;
			buildActionMask = 2147483647;
			files = (
				37E728341AFEBAD4006F5855 /* Main.storyboard in Resources */,
				37E728391AFEBAD4006F5855 /* LaunchScreen.xib in Resources */,
				37E728361AFEBAD4006F5855 /* Images.xcassets in Resources */,
			);
			runOnlyForDeploymentPostprocessing = 0;
		};
		37E7283C1AFEBAD4006F5855 /* Resources */ = {
			isa = PBXResourcesBuildPhase;
			buildActionMask = 2147483647;
			files = (
			);
			runOnlyForDeploymentPostprocessing = 0;
		};
/* End PBXResourcesBuildPhase section */

/* Begin PBXSourcesBuildPhase section */
		37E728251AFEBAD4006F5855 /* Sources */ = {
			isa = PBXSourcesBuildPhase;
			buildActionMask = 2147483647;
			files = (
				37E728311AFEBAD4006F5855 /* ViewController.swift in Sources */,
				37E7282F1AFEBAD4006F5855 /* AppDelegate.swift in Sources */,
			);
			runOnlyForDeploymentPostprocessing = 0;
		};
		37E7283A1AFEBAD4006F5855 /* Sources */ = {
			isa = PBXSourcesBuildPhase;
			buildActionMask = 2147483647;
			files = (
				37E728451AFEBAD4006F5855 /* testImagePickerTests.swift in Sources */,
			);
			runOnlyForDeploymentPostprocessing = 0;
		};
/* End PBXSourcesBuildPhase section */

/* Begin PBXTargetDependency section */
		37E728401AFEBAD4006F5855 /* PBXTargetDependency */ = {
			isa = PBXTargetDependency;
			target = 37E728281AFEBAD4006F5855 /* testImagePicker */;
			targetProxy = 37E7283F1AFEBAD4006F5855 /* PBXContainerItemProxy */;
		};
/* End PBXTargetDependency section */

/* Begin PBXVariantGroup section */
		37E728321AFEBAD4006F5855 /* Main.storyboard */ = {
			isa = PBXVariantGroup;
			children = (
				37E728331AFEBAD4006F5855 /* Base */,
			);
			name = Main.storyboard;
			sourceTree = "<group>";
		};
		37E728371AFEBAD4006F5855 /* LaunchScreen.xib */ = {
			isa = PBXVariantGroup;
			children = (
				37E728381AFEBAD4006F5855 /* Base */,
			);
			name = LaunchScreen.xib;
			sourceTree = "<group>";
		};
/* End PBXVariantGroup section */

/* Begin XCBuildConfiguration section */
		37E728461AFEBAD4006F5855 /* Debug */ = {
			isa = XCBuildConfiguration;
			buildSettings = {
				ALWAYS_SEARCH_USER_PATHS = NO;
				CLANG_CXX_LANGUAGE_STANDARD = "gnu++0x";
				CLANG_CXX_LIBRARY = "libc++";
				CLANG_ENABLE_MODULES = YES;
				CLANG_ENABLE_OBJC_ARC = YES;
				CLANG_WARN_BOOL_CONVERSION = YES;
				CLANG_WARN_CONSTANT_CONVERSION = YES;
				CLANG_WARN_DIRECT_OBJC_ISA_USAGE = YES_ERROR;
				CLANG_WARN_EMPTY_BODY = YES;
				CLANG_WARN_ENUM_CONVERSION = YES;
				CLANG_WARN_INT_CONVERSION = YES;
				CLANG_WARN_OBJC_ROOT_CLASS = YES_ERROR;
				CLANG_WARN_UNREACHABLE_CODE = YES;
				CLANG_WARN__DUPLICATE_METHOD_MATCH = YES;
				"CODE_SIGN_IDENTITY[sdk=iphoneos*]" = "iPhone Developer";
				COPY_PHASE_STRIP = NO;
				DEBUG_INFORMATION_FORMAT = "dwarf-with-dsym";
				ENABLE_STRICT_OBJC_MSGSEND = YES;
				GCC_C_LANGUAGE_STANDARD = gnu99;
				GCC_DYNAMIC_NO_PIC = NO;
				GCC_NO_COMMON_BLOCKS = YES;
				GCC_OPTIMIZATION_LEVEL = 0;
				GCC_PREPROCESSOR_DEFINITIONS = (
					"DEBUG=1",
					"$(inherited)",
				);
				GCC_SYMBOLS_PRIVATE_EXTERN = NO;
				GCC_WARN_64_TO_32_BIT_CONVERSION = YES;
				GCC_WARN_ABOUT_RETURN_TYPE = YES_ERROR;
				GCC_WARN_UNDECLARED_SELECTOR = YES;
				GCC_WARN_UNINITIALIZED_AUTOS = YES_AGGRESSIVE;
				GCC_WARN_UNUSED_FUNCTION = YES;
				GCC_WARN_UNUSED_VARIABLE = YES;
				IPHONEOS_DEPLOYMENT_TARGET = 8.3;
				MTL_ENABLE_DEBUG_INFO = YES;
				ONLY_ACTIVE_ARCH = YES;
				SDKROOT = iphoneos;
				SWIFT_OPTIMIZATION_LEVEL = "-Onone";
			};
			name = Debug;
		};
		37E728471AFEBAD4006F5855 /* Release */ = {
			isa = XCBuildConfiguration;
			buildSettings = {
				ALWAYS_SEARCH_USER_PATHS = NO;
				CLANG_CXX_LANGUAGE_STANDARD = "gnu++0x";
				CLANG_CXX_LIBRARY = "libc++";
				CLANG_ENABLE_MODULES = YES;
				CLANG_ENABLE_OBJC_ARC = YES;
				CLANG_WARN_BOOL_CONVERSION = YES;
				CLANG_WARN_CONSTANT_CONVERSION = YES;
				CLANG_WARN_DIRECT_OBJC_ISA_USAGE = YES_ERROR;
				CLANG_WARN_EMPTY_BODY = YES;
				CLANG_WARN_ENUM_CONVERSION = YES;
				CLANG_WARN_INT_CONVERSION = YES;
				CLANG_WARN_OBJC_ROOT_CLASS = YES_ERROR;
				CLANG_WARN_UNREACHABLE_CODE = YES;
				CLANG_WARN__DUPLICATE_METHOD_MATCH = YES;
				"CODE_SIGN_IDENTITY[sdk=iphoneos*]" = "iPhone Developer";
				COPY_PHASE_STRIP = NO;
				DEBUG_INFORMATION_FORMAT = "dwarf-with-dsym";
				ENABLE_NS_ASSERTIONS = NO;
				ENABLE_STRICT_OBJC_MSGSEND = YES;
				GCC_C_LANGUAGE_STANDARD = gnu99;
				GCC_NO_COMMON_BLOCKS = YES;
				GCC_WARN_64_TO_32_BIT_CONVERSION = YES;
				GCC_WARN_ABOUT_RETURN_TYPE = YES_ERROR;
				GCC_WARN_UNDECLARED_SELECTOR = YES;
				GCC_WARN_UNINITIALIZED_AUTOS = YES_AGGRESSIVE;
				GCC_WARN_UNUSED_FUNCTION = YES;
				GCC_WARN_UNUSED_VARIABLE = YES;
				IPHONEOS_DEPLOYMENT_TARGET = 8.3;
				MTL_ENABLE_DEBUG_INFO = NO;
				SDKROOT = iphoneos;
				VALIDATE_PRODUCT = YES;
			};
			name = Release;
		};
		37E728491AFEBAD4006F5855 /* Debug */ = {
			isa = XCBuildConfiguration;
			buildSettings = {
				ASSETCATALOG_COMPILER_APPICON_NAME = AppIcon;
				INFOPLIST_FILE = testImagePicker/Info.plist;
				LD_RUNPATH_SEARCH_PATHS = "$(inherited) @executable_path/Frameworks";
				PRODUCT_NAME = "$(TARGET_NAME)";
			};
			name = Debug;
		};
		37E7284A1AFEBAD4006F5855 /* Release */ = {
			isa = XCBuildConfiguration;
			buildSettings = {
				ASSETCATALOG_COMPILER_APPICON_NAME = AppIcon;
				INFOPLIST_FILE = testImagePicker/Info.plist;
				LD_RUNPATH_SEARCH_PATHS = "$(inherited) @executable_path/Frameworks";
				PRODUCT_NAME = "$(TARGET_NAME)";
			};
			name = Release;
		};
		37E7284C1AFEBAD4006F5855 /* Debug */ = {
			isa = XCBuildConfiguration;
			buildSettings = {
				BUNDLE_LOADER = "$(TEST_HOST)";
				FRAMEWORK_SEARCH_PATHS = (
					"$(SDKROOT)/Developer/Library/Frameworks",
					"$(inherited)",
				);
				GCC_PREPROCESSOR_DEFINITIONS = (
					"DEBUG=1",
					"$(inherited)",
				);
				INFOPLIST_FILE = testImagePickerTests/Info.plist;
				LD_RUNPATH_SEARCH_PATHS = "$(inherited) @executable_path/Frameworks @loader_path/Frameworks";
				PRODUCT_NAME = "$(TARGET_NAME)";
				TEST_HOST = "$(BUILT_PRODUCTS_DIR)/testImagePicker.app/testImagePicker";
			};
			name = Debug;
		};
		37E7284D1AFEBAD4006F5855 /* Release */ = {
			isa = XCBuildConfiguration;
			buildSettings = {
				BUNDLE_LOADER = "$(TEST_HOST)";
				FRAMEWORK_SEARCH_PATHS = (
					"$(SDKROOT)/Developer/Library/Frameworks",
					"$(inherited)",
				);
				INFOPLIST_FILE = testImagePickerTests/Info.plist;
				LD_RUNPATH_SEARCH_PATHS = "$(inherited) @executable_path/Frameworks @loader_path/Frameworks";
				PRODUCT_NAME = "$(TARGET_NAME)";
				TEST_HOST = "$(BUILT_PRODUCTS_DIR)/testImagePicker.app/testImagePicker";
			};
			name = Release;
		};
/* End XCBuildConfiguration section */

/* Begin XCConfigurationList section */
		37E728241AFEBAD4006F5855 /* Build configuration list for PBXProject "testImagePicker" */ = {
			isa = XCConfigurationList;
			buildConfigurations = (
				37E728461AFEBAD4006F5855 /* Debug */,
				37E728471AFEBAD4006F5855 /* Release */,
			);
			defaultConfigurationIsVisible = 0;
			defaultConfigurationName = Release;
		};
		37E728481AFEBAD4006F5855 /* Build configuration list for PBXNativeTarget "testImagePicker" */ = {
			isa = XCConfigurationList;
			buildConfigurations = (
				37E728491AFEBAD4006F5855 /* Debug */,
				37E7284A1AFEBAD4006F5855 /* Release */,
			);
			defaultConfigurationIsVisible = 0;
		};
		37E7284B1AFEBAD4006F5855 /* Build configuration list for PBXNativeTarget "testImagePickerTests" */ = {
			isa = XCConfigurationList;
			buildConfigurations = (
				37E7284C1AFEBAD4006F5855 /* Debug */,
				37E7284D1AFEBAD4006F5855 /* Release */,
			);
			defaultConfigurationIsVisible = 0;
		};
/* End XCConfigurationList section */
	};
	rootObject = 37E728211AFEBAD4006F5855 /* Project object */;
}
